
Microsoft Visual Studio Solution File, Format Version 12.00
# Visual Studio 15
VisualStudioVersion = 15.0.27703.2026
MinimumVisualStudioVersion = 10.0.40219.1
Project("{9A19103F-16F7-4668-BE54-9A1E7A4F7556}") = "BeersProject.WebApi", "BeersProject.WebApi\BeersProject.WebApi.csproj", "{87A45C1B-22F4-4EEA-A4DB-A91DB2D4D7B8}"
EndProject
Project("{9A19103F-16F7-4668-BE54-9A1E7A4F7556}") = "BeersProject.Domain", "BeersProject.Domain\BeersProject.Domain.csproj", "{4D35D5B6-29B1-4A8E-89E4-7DB7D31DE819}"
EndProject
Project("{9A19103F-16F7-4668-BE54-9A1E7A4F7556}") = "BeersProject.Application", "BeersProject.Application\BeersProject.Application.csproj", "{55EB39B7-5390-42CA-A3D5-7EF3621AB329}"
EndProject
Project("{9A19103F-16F7-4668-BE54-9A1E7A4F7556}") = "BeersProject.Persistence", "BeersProject.Persistence\BeersProject.Persistence.csproj", "{BDE9ADC0-E1BD-455C-931C-7F837E737233}"
EndProject
Project("{FAE04EC0-301F-11D3-BF4B-00C04F79EFBC}") = "BeerProject.Infrastucture", "BeerProject.Infrastucture\BeerProject.Infrastucture.csproj", "{C511CCFD-233B-4A42-8151-1E4BF35F544B}"
EndProject
Global
	GlobalSection(SolutionConfigurationPlatforms) = preSolution
		Debug|Any CPU = Debug|Any CPU
		Release|Any CPU = Release|Any CPU
	EndGlobalSection
	GlobalSection(ProjectConfigurationPlatforms) = postSolution
		{87A45C1B-22F4-4EEA-A4DB-A91DB2D4D7B8}.Debug|Any CPU.ActiveCfg = Debug|Any CPU
		{87A45C1B-22F4-4EEA-A4DB-A91DB2D4D7B8}.Debug|Any CPU.Build.0 = Debug|Any CPU
		{87A45C1B-22F4-4EEA-A4DB-A91DB2D4D7B8}.Release|Any CPU.ActiveCfg = Release|Any CPU
		{87A45C1B-22F4-4EEA-A4DB-A91DB2D4D7B8}.Release|Any CPU.Build.0 = Release|Any CPU
		{4D35D5B6-29B1-4A8E-89E4-7DB7D31DE819}.Debug|Any CPU.ActiveCfg = Debug|Any CPU
		{4D35D5B6-29B1-4A8E-89E4-7DB7D31DE819}.Debug|Any CPU.Build.0 = Debug|Any CPU
		{4D35D5B6-29B1-4A8E-89E4-7DB7D31DE819}.Release|Any CPU.ActiveCfg = Release|Any CPU
		{4D35D5B6-29B1-4A8E-89E4-7DB7D31DE819}.Release|Any CPU.Build.0 = Release|Any CPU
		{55EB39B7-5390-42CA-A3D5-7EF3621AB329}.Debug|Any CPU.ActiveCfg = Debug|Any CPU
		{55EB39B7-5390-42CA-A3D5-7EF3621AB329}.Debug|Any CPU.Build.0 = Debug|Any CPU
		{55EB39B7-5390-42CA-A3D5-7EF3621AB329}.Release|Any CPU.ActiveCfg = Release|Any CPU
		{55EB39B7-5390-42CA-A3D5-7EF3621AB329}.Release|Any CPU.Build.0 = Release|Any CPU
		{BDE9ADC0-E1BD-455C-931C-7F837E737233}.Debug|Any CPU.ActiveCfg = Debug|Any CPU
		{BDE9ADC0-E1BD-455C-931C-7F837E737233}.Debug|Any CPU.Build.0 = Debug|Any CPU
		{BDE9ADC0-E1BD-455C-931C-7F837E737233}.Release|Any CPU.ActiveCfg = Release|Any CPU
		{BDE9ADC0-E1BD-455C-931C-7F837E737233}.Release|Any CPU.Build.0 = Release|Any CPU
		{C511CCFD-233B-4A42-8151-1E4BF35F544B}.Debug|Any CPU.ActiveCfg = Debug|Any CPU
		{C511CCFD-233B-4A42-8151-1E4BF35F544B}.Debug|Any CPU.Build.0 = Debug|Any CPU
		{C511CCFD-233B-4A42-8151-1E4BF35F544B}.Release|Any CPU.ActiveCfg = Release|Any CPU
		{C511CCFD-233B-4A42-8151-1E4BF35F544B}.Release|Any CPU.Build.0 = Release|Any CPU
	EndGlobalSection
	GlobalSection(SolutionProperties) = preSolution
		HideSolutionNode = FALSE
	EndGlobalSection
	GlobalSection(ExtensibilityGlobals) = postSolution
		SolutionGuid = {5CEAD7C5-1BF3-4212-92CA-E031B8FFB3A7}
	EndGlobalSection
EndGlobal
